
Microsoft Visual Studio Solution File, Format Version 12.00
# Visual Studio Version 17
VisualStudioVersion = 17.3.32819.101
MinimumVisualStudioVersion = 10.0.40219.1
Project("{FAE04EC0-301F-11D3-BF4B-00C04F79EFBC}") = "PdfToTiF", "PdfToTiF\PdfToTiF.csproj", "{5FB1D4BC-717C-4D57-8A57-7EE87AF15709}"
EndProject
Global
	GlobalSection(SolutionConfigurationPlatforms) = preSolution
		Debug|Any CPU = Debug|Any CPU
		Release|Any CPU = Release|Any CPU
	EndGlobalSection
	GlobalSection(ProjectConfigurationPlatforms) = postSolution
		{5FB1D4BC-717C-4D57-8A57-7EE87AF15709}.Debug|Any CPU.ActiveCfg = Debug|Any CPU
		{5FB1D4BC-717C-4D57-8A57-7EE87AF15709}.Debug|Any CPU.Build.0 = Debug|Any CPU
		{5FB1D4BC-717C-4D57-8A57-7EE87AF15709}.Release|Any CPU.ActiveCfg = Release|Any CPU
		{5FB1D4BC-717C-4D57-8A57-7EE87AF15709}.Release|Any CPU.Build.0 = Release|Any CPU
	EndGlobalSection
	GlobalSection(SolutionProperties) = preSolution
		HideSolutionNode = FALSE
	EndGlobalSection
	GlobalSection(ExtensibilityGlobals) = postSolution
		SolutionGuid = {AE576F9D-4FCE-4D79-878E-65DA1B80B857}
	EndGlobalSection
EndGlobal
